
Microsoft Visual Studio Solution File, Format Version 12.00
# Visual Studio Version 16
VisualStudioVersion = 16.0.28729.10
MinimumVisualStudioVersion = 10.0.40219.1
Project("{FAE04EC0-301F-11D3-BF4B-00C04F79EFBC}") = "MySqlT", "MySqlT.csproj", "{D66D1483-898F-4CB5-A232-4D661BCEFC84}"
EndProject
Global
	GlobalSection(SolutionConfigurationPlatforms) = preSolution
		Debug|Any CPU = Debug|Any CPU
		Release|Any CPU = Release|Any CPU
	EndGlobalSection
	GlobalSection(ProjectConfigurationPlatforms) = postSolution
		{D66D1483-898F-4CB5-A232-4D661BCEFC84}.Debug|Any CPU.ActiveCfg = Debug|Any CPU
		{D66D1483-898F-4CB5-A232-4D661BCEFC84}.Debug|Any CPU.Build.0 = Debug|Any CPU
		{D66D1483-898F-4CB5-A232-4D661BCEFC84}.Release|Any CPU.ActiveCfg = Release|Any CPU
		{D66D1483-898F-4CB5-A232-4D661BCEFC84}.Release|Any CPU.Build.0 = Release|Any CPU
	EndGlobalSection
	GlobalSection(SolutionProperties) = preSolution
		HideSolutionNode = FALSE
	EndGlobalSection
	GlobalSection(ExtensibilityGlobals) = postSolution
		SolutionGuid = {628697E2-72F3-4838-AD84-6E851E2D1D54}
	EndGlobalSection
EndGlobal
